
Microsoft Visual Studio Solution File, Format Version 12.00
# Visual Studio 15
VisualStudioVersion = 15.0.27004.2005
MinimumVisualStudioVersion = 10.0.40219.1
Project("{FAE04EC0-301F-11D3-BF4B-00C04F79EFBC}") = "CleanPass", "CleanPass\CleanPass.csproj", "{89B56B0F-9013-43C6-AF03-1597C282F486}"
EndProject
Project("{FAE04EC0-301F-11D3-BF4B-00C04F79EFBC}") = "MyExcel", "MyExcel\MyExcel.csproj", "{CC6A6673-2353-44FA-B6FE-C4CE29090A0B}"
EndProject
Global
	GlobalSection(SolutionConfigurationPlatforms) = preSolution
		Debug|Any CPU = Debug|Any CPU
		Release|Any CPU = Release|Any CPU
	EndGlobalSection
	GlobalSection(ProjectConfigurationPlatforms) = postSolution
		{89B56B0F-9013-43C6-AF03-1597C282F486}.Debug|Any CPU.ActiveCfg = Debug|Any CPU
		{89B56B0F-9013-43C6-AF03-1597C282F486}.Debug|Any CPU.Build.0 = Debug|Any CPU
		{89B56B0F-9013-43C6-AF03-1597C282F486}.Release|Any CPU.ActiveCfg = Release|Any CPU
		{89B56B0F-9013-43C6-AF03-1597C282F486}.Release|Any CPU.Build.0 = Release|Any CPU
		{CC6A6673-2353-44FA-B6FE-C4CE29090A0B}.Debug|Any CPU.ActiveCfg = Debug|Any CPU
		{CC6A6673-2353-44FA-B6FE-C4CE29090A0B}.Debug|Any CPU.Build.0 = Debug|Any CPU
		{CC6A6673-2353-44FA-B6FE-C4CE29090A0B}.Release|Any CPU.ActiveCfg = Release|Any CPU
		{CC6A6673-2353-44FA-B6FE-C4CE29090A0B}.Release|Any CPU.Build.0 = Release|Any CPU
	EndGlobalSection
	GlobalSection(SolutionProperties) = preSolution
		HideSolutionNode = FALSE
	EndGlobalSection
	GlobalSection(ExtensibilityGlobals) = postSolution
		SolutionGuid = {CCB263F0-72DA-4E15-8480-2A2626626A5E}
	EndGlobalSection
EndGlobal
